// !$*UTF8*$!
{
	archiveVersion = 1;
	classes = {
	};
	objectVersion = 77;
	objects = {

/* Begin PBXBuildFile section */
		AA74D9A02E5D601600A95A4B /* MapboxMaps in Frameworks */ = {isa = PBXBuildFile; productRef = AA74D99F2E5D601600A95A4B /* MapboxMaps */; };
		AA7F73762E6A49EF000AC6CB /* Supabase in Frameworks */ = {isa = PBXBuildFile; productRef = AA7F73752E6A49EF000AC6CB /* Supabase */; };
		AA7F739C2E6A906B000AC6CB /* Auth in Frameworks */ = {isa = PBXBuildFile; productRef = AA7F739B2E6A906B000AC6CB /* Auth */; };
/* End PBXBuildFile section */

/* Begin PBXContainerItemProxy section */
		AA7006102E5D4BA70043AD26 /* PBXContainerItemProxy */ = {
			isa = PBXContainerItemProxy;
			containerPortal = AA7005F52E5D4BA60043AD26 /* Project object */;
			proxyType = 1;
			remoteGlobalIDString = AA7005FC2E5D4BA60043AD26;
			remoteInfo = OwFlagVideCode;
		};
		AA70061A2E5D4BA70043AD26 /* PBXContainerItemProxy */ = {
			isa = PBXContainerItemProxy;
			containerPortal = AA7005F52E5D4BA60043AD26 /* Project object */;
			proxyType = 1;
			remoteGlobalIDString = AA7005FC2E5D4BA60043AD26;
			remoteInfo = OwFlagVideCode;
		};
/* End PBXContainerItemProxy section */

/* Begin PBXFileReference section */
		AA7005FD2E5D4BA60043AD26 /* OwFlagVideCode.app */ = {isa = PBXFileReference; explicitFileType = wrapper.application; includeInIndex = 0; path = OwFlagVideCode.app; sourceTree = BUILT_PRODUCTS_DIR; };
		AA70060F2E5D4BA70043AD26 /* OwFlagVideCodeTests.xctest */ = {isa = PBXFileReference; explicitFileType = wrapper.cfbundle; includeInIndex = 0; path = OwFlagVideCodeTests.xctest; sourceTree = BUILT_PRODUCTS_DIR; };
		AA7006192E5D4BA70043AD26 /* OwFlagVideCodeUITests.xctest */ = {isa = PBXFileReference; explicitFileType = wrapper.cfbundle; includeInIndex = 0; path = OwFlagVideCodeUITests.xctest; sourceTree = BUILT_PRODUCTS_DIR; };
/* End PBXFileReference section */

/* Begin PBXFileSystemSynchronizedBuildFileExceptionSet section */
		AA70062D2E5D5A660043AD26 /* Exceptions for "OwFlagVideCode" folder in "OwFlagVideCode" target */ = {
			isa = PBXFileSystemSynchronizedBuildFileExceptionSet;
			membershipExceptions = (
				Info.plist,
			);
			target = AA7005FC2E5D4BA60043AD26 /* OwFlagVideCode */;
		};
/* End PBXFileSystemSynchronizedBuildFileExceptionSet section */

/* Begin PBXFileSystemSynchronizedRootGroup section */
		AA7005FF2E5D4BA60043AD26 /* OwFlagVideCode */ = {
			isa = PBXFileSystemSynchronizedRootGroup;
			exceptions = (
				AA70062D2E5D5A660043AD26 /* Exceptions for "OwFlagVideCode" folder in "OwFlagVideCode" target */,
			);
			path = OwFlagVideCode;
			sourceTree = "<group>";
		};
		AA7006122E5D4BA70043AD26 /* OwFlagVideCodeTests */ = {
			isa = PBXFileSystemSynchronizedRootGroup;
			path = OwFlagVideCodeTests;
			sourceTree = "<group>";
		};
		AA70061C2E5D4BA70043AD26 /* OwFlagVideCodeUITests */ = {
			isa = PBXFileSystemSynchronizedRootGroup;
			path = OwFlagVideCodeUITests;
			sourceTree = "<group>";
		};
/* End PBXFileSystemSynchronizedRootGroup section */

/* Begin PBXFrameworksBuildPhase section */
		AA7005FA2E5D4BA60043AD26 /* Frameworks */ = {
			isa = PBXFrameworksBuildPhase;
			buildActionMask = 2147483647;
			files = (
				AA7F73762E6A49EF000AC6CB /* Supabase in Frameworks */,
				AA74D9A02E5D601600A95A4B /* MapboxMaps in Frameworks */,
				AA7F739C2E6A906B000AC6CB /* Auth in Frameworks */,
			);
			runOnlyForDeploymentPostprocessing = 0;
		};
		AA70060C2E5D4BA70043AD26 /* Frameworks */ = {
			isa = PBXFrameworksBuildPhase;
			buildActionMask = 2147483647;
			files = (
			);
			runOnlyForDeploymentPostprocessing = 0;
		};
		AA7006162E5D4BA70043AD26 /* Frameworks */ = {
			isa = PBXFrameworksBuildPhase;
			buildActionMask = 2147483647;
			files = (
			);
			runOnlyForDeploymentPostprocessing = 0;
		};
/* End PBXFrameworksBuildPhase section */

/* Begin PBXGroup section */
		AA7005F42E5D4BA60043AD26 = {
			isa = PBXGroup;
			children = (
				AA7005FF2E5D4BA60043AD26 /* OwFlagVideCode */,
				AA7006122E5D4BA70043AD26 /* OwFlagVideCodeTests */,
				AA70061C2E5D4BA70043AD26 /* OwFlagVideCodeUITests */,
				AA74D99E2E5D601600A95A4B /* Frameworks */,
				AA7005FE2E5D4BA60043AD26 /* Products */,
			);
			sourceTree = "<group>";
		};
		AA7005FE2E5D4BA60043AD26 /* Products */ = {
			isa = PBXGroup;
			children = (
				AA7005FD2E5D4BA60043AD26 /* OwFlagVideCode.app */,
				AA70060F2E5D4BA70043AD26 /* OwFlagVideCodeTests.xctest */,
				AA7006192E5D4BA70043AD26 /* OwFlagVideCodeUITests.xctest */,
			);
			name = Products;
			sourceTree = "<group>";
		};
		AA74D99E2E5D601600A95A4B /* Frameworks */ = {
			isa = PBXGroup;
			children = (
			);
			name = Frameworks;
			sourceTree = "<group>";
		};
/* End PBXGroup section */

/* Begin PBXNativeTarget section */
		AA7005FC2E5D4BA60043AD26 /* OwFlagVideCode */ = {
			isa = PBXNativeTarget;
			buildConfigurationList = AA7006232E5D4BA70043AD26 /* Build configuration list for PBXNativeTarget "OwFlagVideCode" */;
			buildPhases = (
				AA7005F92E5D4BA60043AD26 /* Sources */,
				AA7005FA2E5D4BA60043AD26 /* Frameworks */,
				AA7005FB2E5D4BA60043AD26 /* Resources */,
			);
			buildRules = (
			);
			dependencies = (
			);
			fileSystemSynchronizedGroups = (
				AA7005FF2E5D4BA60043AD26 /* OwFlagVideCode */,
			);
			name = OwFlagVideCode;
			packageProductDependencies = (
				AA74D99F2E5D601600A95A4B /* MapboxMaps */,
				AA7F73752E6A49EF000AC6CB /* Supabase */,
				AA7F739B2E6A906B000AC6CB /* Auth */,
			);
			productName = OwFlagVideCode;
			productReference = AA7005FD2E5D4BA60043AD26 /* OwFlagVideCode.app */;
			productType = "com.apple.product-type.application";
		};
		AA70060E2E5D4BA70043AD26 /* OwFlagVideCodeTests */ = {
			isa = PBXNativeTarget;
			buildConfigurationList = AA7006262E5D4BA70043AD26 /* Build configuration list for PBXNativeTarget "OwFlagVideCodeTests" */;
			buildPhases = (
				AA70060B2E5D4BA70043AD26 /* Sources */,
				AA70060C2E5D4BA70043AD26 /* Frameworks */,
				AA70060D2E5D4BA70043AD26 /* Resources */,
			);
			buildRules = (
			);
			dependencies = (
				AA7006112E5D4BA70043AD26 /* PBXTargetDependency */,
			);
			fileSystemSynchronizedGroups = (
				AA7006122E5D4BA70043AD26 /* OwFlagVideCodeTests */,
			);
			name = OwFlagVideCodeTests;
			packageProductDependencies = (
			);
			productName = OwFlagVideCodeTests;
			productReference = AA70060F2E5D4BA70043AD26 /* OwFlagVideCodeTests.xctest */;
			productType = "com.apple.product-type.bundle.unit-test";
		};
		AA7006182E5D4BA70043AD26 /* OwFlagVideCodeUITests */ = {
			isa = PBXNativeTarget;
			buildConfigurationList = AA7006292E5D4BA70043AD26 /* Build configuration list for PBXNativeTarget "OwFlagVideCodeUITests" */;
			buildPhases = (
				AA7006152E5D4BA70043AD26 /* Sources */,
				AA7006162E5D4BA70043AD26 /* Frameworks */,
				AA7006172E5D4BA70043AD26 /* Resources */,
			);
			buildRules = (
			);
			dependencies = (
				AA70061B2E5D4BA70043AD26 /* PBXTargetDependency */,
			);
			fileSystemSynchronizedGroups = (
				AA70061C2E5D4BA70043AD26 /* OwFlagVideCodeUITests */,
			);
			name = OwFlagVideCodeUITests;
			packageProductDependencies = (
			);
			productName = OwFlagVideCodeUITests;
			productReference = AA7006192E5D4BA70043AD26 /* OwFlagVideCodeUITests.xctest */;
			productType = "com.apple.product-type.bundle.ui-testing";
		};
/* End PBXNativeTarget section */

/* Begin PBXProject section */
		AA7005F52E5D4BA60043AD26 /* Project object */ = {
			isa = PBXProject;
			attributes = {
				BuildIndependentTargetsInParallel = 1;
				LastSwiftUpdateCheck = 1620;
				LastUpgradeCheck = 1620;
				TargetAttributes = {
					AA7005FC2E5D4BA60043AD26 = {
						CreatedOnToolsVersion = 16.2;
					};
					AA70060E2E5D4BA70043AD26 = {
						CreatedOnToolsVersion = 16.2;
						TestTargetID = AA7005FC2E5D4BA60043AD26;
					};
					AA7006182E5D4BA70043AD26 = {
						CreatedOnToolsVersion = 16.2;
						TestTargetID = AA7005FC2E5D4BA60043AD26;
					};
				};
			};
			buildConfigurationList = AA7005F82E5D4BA60043AD26 /* Build configuration list for PBXProject "OwFlagVideCode" */;
			developmentRegion = en;
			hasScannedForEncodings = 0;
			knownRegions = (
				en,
				Base,
			);
			mainGroup = AA7005F42E5D4BA60043AD26;
			minimizedProjectReferenceProxies = 1;
			packageReferences = (
				AA74D99D2E5D5F9700A95A4B /* XCRemoteSwiftPackageReference "mapbox-maps-ios" */,
				AA74D9A72E5E4ED600A95A4B /* XCRemoteSwiftPackageReference "supabase-swift" */,
			);
			preferredProjectObjectVersion = 77;
			productRefGroup = AA7005FE2E5D4BA60043AD26 /* Products */;
			projectDirPath = "";
			projectRoot = "";
			targets = (
				AA7005FC2E5D4BA60043AD26 /* OwFlagVideCode */,
				AA70060E2E5D4BA70043AD26 /* OwFlagVideCodeTests */,
				AA7006182E5D4BA70043AD26 /* OwFlagVideCodeUITests */,
			);
		};
/* End PBXProject section */

/* Begin PBXResourcesBuildPhase section */
		AA7005FB2E5D4BA60043AD26 /* Resources */ = {
			isa = PBXResourcesBuildPhase;
			buildActionMask = 2147483647;
			files = (
			);
			runOnlyForDeploymentPostprocessing = 0;
		};
		AA70060D2E5D4BA70043AD26 /* Resources */ = {
			isa = PBXResourcesBuildPhase;
			buildActionMask = 2147483647;
			files = (
			);
			runOnlyForDeploymentPostprocessing = 0;
		};
		AA7006172E5D4BA70043AD26 /* Resources */ = {
			isa = PBXResourcesBuildPhase;
			buildActionMask = 2147483647;
			files = (
			);
			runOnlyForDeploymentPostprocessing = 0;
		};
/* End PBXResourcesBuildPhase section */

/* Begin PBXSourcesBuildPhase section */
		AA7005F92E5D4BA60043AD26 /* Sources */ = {
			isa = PBXSourcesBuildPhase;
			buildActionMask = 2147483647;
			files = (
			);
			runOnlyForDeploymentPostprocessing = 0;
		};
		AA70060B2E5D4BA70043AD26 /* Sources */ = {
			isa = PBXSourcesBuildPhase;
			buildActionMask = 2147483647;
			files = (
			);
			runOnlyForDeploymentPostprocessing = 0;
		};
		AA7006152E5D4BA70043AD26 /* Sources */ = {
			isa = PBXSourcesBuildPhase;
			buildActionMask = 2147483647;
			files = (
			);
			runOnlyForDeploymentPostprocessing = 0;
		};
/* End PBXSourcesBuildPhase section */

/* Begin PBXTargetDependency section */
		AA7006112E5D4BA70043AD26 /* PBXTargetDependency */ = {
			isa = PBXTargetDependency;
			target = AA7005FC2E5D4BA60043AD26 /* OwFlagVideCode */;
			targetProxy = AA7006102E5D4BA70043AD26 /* PBXContainerItemProxy */;
		};
		AA70061B2E5D4BA70043AD26 /* PBXTargetDependency */ = {
			isa = PBXTargetDependency;
			target = AA7005FC2E5D4BA60043AD26 /* OwFlagVideCode */;
			targetProxy = AA70061A2E5D4BA70043AD26 /* PBXContainerItemProxy */;
		};
/* End PBXTargetDependency section */

/* Begin XCBuildConfiguration section */
		AA7006212E5D4BA70043AD26 /* Debug */ = {
			isa = XCBuildConfiguration;
			buildSettings = {
				ALWAYS_SEARCH_USER_PATHS = NO;
				ASSETCATALOG_COMPILER_GENERATE_SWIFT_ASSET_SYMBOL_EXTENSIONS = YES;
				CLANG_ANALYZER_NONNULL = YES;
				CLANG_ANALYZER_NUMBER_OBJECT_CONVERSION = YES_AGGRESSIVE;
				CLANG_CXX_LANGUAGE_STANDARD = "gnu++20";
				CLANG_ENABLE_MODULES = YES;
				CLANG_ENABLE_OBJC_ARC = YES;
				CLANG_ENABLE_OBJC_WEAK = YES;
				CLANG_WARN_BLOCK_CAPTURE_AUTORELEASING = YES;
				CLANG_WARN_BOOL_CONVERSION = YES;
				CLANG_WARN_COMMA = YES;
				CLANG_WARN_CONSTANT_CONVERSION = YES;
				CLANG_WARN_DEPRECATED_OBJC_IMPLEMENTATIONS = YES;
				CLANG_WARN_DIRECT_OBJC_ISA_USAGE = YES_ERROR;
				CLANG_WARN_DOCUMENTATION_COMMENTS = YES;
				CLANG_WARN_EMPTY_BODY = YES;
				CLANG_WARN_ENUM_CONVERSION = YES;
				CLANG_WARN_INFINITE_RECURSION = YES;
				CLANG_WARN_INT_CONVERSION = YES;
				CLANG_WARN_NON_LITERAL_NULL_CONVERSION = YES;
				CLANG_WARN_OBJC_IMPLICIT_RETAIN_SELF = YES;
				CLANG_WARN_OBJC_LITERAL_CONVERSION = YES;
				CLANG_WARN_OBJC_ROOT_CLASS = YES_ERROR;
				CLANG_WARN_QUOTED_INCLUDE_IN_FRAMEWORK_HEADER = YES;
				CLANG_WARN_RANGE_LOOP_ANALYSIS = YES;
				CLANG_WARN_STRICT_PROTOTYPES = YES;
				CLANG_WARN_SUSPICIOUS_MOVE = YES;
				CLANG_WARN_UNGUARDED_AVAILABILITY = YES_AGGRESSIVE;
				CLANG_WARN_UNREACHABLE_CODE = YES;
				CLANG_WARN__DUPLICATE_METHOD_MATCH = YES;
				COPY_PHASE_STRIP = NO;
				DEBUG_INFORMATION_FORMAT = dwarf;
				ENABLE_STRICT_OBJC_MSGSEND = YES;
				ENABLE_TESTABILITY = YES;
				ENABLE_USER_SCRIPT_SANDBOXING = YES;
				GCC_C_LANGUAGE_STANDARD = gnu17;
				GCC_DYNAMIC_NO_PIC = NO;
				GCC_NO_COMMON_BLOCKS = YES;
				GCC_OPTIMIZATION_LEVEL = 0;
				GCC_PREPROCESSOR_DEFINITIONS = (
					"DEBUG=1",
					"$(inherited)",
				);
				GCC_WARN_64_TO_32_BIT_CONVERSION = YES;
				GCC_WARN_ABOUT_RETURN_TYPE = YES_ERROR;
				GCC_WARN_UNDECLARED_SELECTOR = YES;
				GCC_WARN_UNINITIALIZED_AUTOS = YES_AGGRESSIVE;
				GCC_WARN_UNUSED_FUNCTION = YES;
				GCC_WARN_UNUSED_VARIABLE = YES;
				IPHONEOS_DEPLOYMENT_TARGET = 18.2;
				LOCALIZATION_PREFERS_STRING_CATALOGS = YES;
				MTL_ENABLE_DEBUG_INFO = INCLUDE_SOURCE;
				MTL_FAST_MATH = YES;
				ONLY_ACTIVE_ARCH = YES;
				SDKROOT = iphoneos;
				SWIFT_ACTIVE_COMPILATION_CONDITIONS = "DEBUG $(inherited)";
				SWIFT_OPTIMIZATION_LEVEL = "-Onone";
			};
			name = Debug;
		};
		AA7006222E5D4BA70043AD26 /* Release */ = {
			isa = XCBuildConfiguration;
			buildSettings = {
				ALWAYS_SEARCH_USER_PATHS = NO;
				ASSETCATALOG_COMPILER_GENERATE_SWIFT_ASSET_SYMBOL_EXTENSIONS = YES;
				CLANG_ANALYZER_NONNULL = YES;
				CLANG_ANALYZER_NUMBER_OBJECT_CONVERSION = YES_AGGRESSIVE;
				CLANG_CXX_LANGUAGE_STANDARD = "gnu++20";
				CLANG_ENABLE_MODULES = YES;
				CLANG_ENABLE_OBJC_ARC = YES;
				CLANG_ENABLE_OBJC_WEAK = YES;
				CLANG_WARN_BLOCK_CAPTURE_AUTORELEASING = YES;
				CLANG_WARN_BOOL_CONVERSION = YES;
				CLANG_WARN_COMMA = YES;
				CLANG_WARN_CONSTANT_CONVERSION = YES;
				CLANG_WARN_DEPRECATED_OBJC_IMPLEMENTATIONS = YES;
				CLANG_WARN_DIRECT_OBJC_ISA_USAGE = YES_ERROR;
				CLANG_WARN_DOCUMENTATION_COMMENTS = YES;
				CLANG_WARN_EMPTY_BODY = YES;
				CLANG_WARN_ENUM_CONVERSION = YES;
				CLANG_WARN_INFINITE_RECURSION = YES;
				CLANG_WARN_INT_CONVERSION = YES;
				CLANG_WARN_NON_LITERAL_NULL_CONVERSION = YES;
				CLANG_WARN_OBJC_IMPLICIT_RETAIN_SELF = YES;
				CLANG_WARN_OBJC_LITERAL_CONVERSION = YES;
				CLANG_WARN_OBJC_ROOT_CLASS = YES_ERROR;
				CLANG_WARN_QUOTED_INCLUDE_IN_FRAMEWORK_HEADER = YES;
				CLANG_WARN_RANGE_LOOP_ANALYSIS = YES;
				CLANG_WARN_STRICT_PROTOTYPES = YES;
				CLANG_WARN_SUSPICIOUS_MOVE = YES;
				CLANG_WARN_UNGUARDED_AVAILABILITY = YES_AGGRESSIVE;
				CLANG_WARN_UNREACHABLE_CODE = YES;
				CLANG_WARN__DUPLICATE_METHOD_MATCH = YES;
				COPY_PHASE_STRIP = NO;
				DEBUG_INFORMATION_FORMAT = "dwarf-with-dsym";
				ENABLE_NS_ASSERTIONS = NO;
				ENABLE_STRICT_OBJC_MSGSEND = YES;
				ENABLE_USER_SCRIPT_SANDBOXING = YES;
				GCC_C_LANGUAGE_STANDARD = gnu17;
				GCC_NO_COMMON_BLOCKS = YES;
				GCC_WARN_64_TO_32_BIT_CONVERSION = YES;
				GCC_WARN_ABOUT_RETURN_TYPE = YES_ERROR;
				GCC_WARN_UNDECLARED_SELECTOR = YES;
				GCC_WARN_UNINITIALIZED_AUTOS = YES_AGGRESSIVE;
				GCC_WARN_UNUSED_FUNCTION = YES;
				GCC_WARN_UNUSED_VARIABLE = YES;
				IPHONEOS_DEPLOYMENT_TARGET = 18.2;
				LOCALIZATION_PREFERS_STRING_CATALOGS = YES;
				MTL_ENABLE_DEBUG_INFO = NO;
				MTL_FAST_MATH = YES;
				SDKROOT = iphoneos;
				SWIFT_COMPILATION_MODE = wholemodule;
				VALIDATE_PRODUCT = YES;
			};
			name = Release;
		};
		AA7006242E5D4BA70043AD26 /* Debug */ = {
			isa = XCBuildConfiguration;
			buildSettings = {
				ASSETCATALOG_COMPILER_APPICON_NAME = AppIcon;
				ASSETCATALOG_COMPILER_GLOBAL_ACCENT_COLOR_NAME = AccentColor;
				CODE_SIGN_STYLE = Automatic;
				CURRENT_PROJECT_VERSION = 1;
				DEVELOPMENT_ASSET_PATHS = "\"OwFlagVideCode/Preview Content\"";
				ENABLE_PREVIEWS = YES;
				GENERATE_INFOPLIST_FILE = YES;
				INFOPLIST_FILE = OwFlagVideCode/Info.plist;
				INFOPLIST_KEY_UIApplicationSceneManifest_Generation = YES;
				INFOPLIST_KEY_UIApplicationSupportsIndirectInputEvents = YES;
				INFOPLIST_KEY_UILaunchScreen_Generation = YES;
				INFOPLIST_KEY_UISupportedInterfaceOrientations_iPad = "UIInterfaceOrientationPortrait UIInterfaceOrientationPortraitUpsideDown UIInterfaceOrientationLandscapeLeft UIInterfaceOrientationLandscapeRight";
				INFOPLIST_KEY_UISupportedInterfaceOrientations_iPhone = "UIInterfaceOrientationPortrait UIInterfaceOrientationLandscapeLeft UIInterfaceOrientationLandscapeRight";
				LD_RUNPATH_SEARCH_PATHS = (
					"$(inherited)",
					"@executable_path/Frameworks",
				);
				MARKETING_VERSION = 1.0;
				PRODUCT_BUNDLE_IDENTIFIER = imainfun.OwFlagVideCode;
				PRODUCT_NAME = "$(TARGET_NAME)";
				SWIFT_EMIT_LOC_STRINGS = YES;
				SWIFT_VERSION = 5.0;
				TARGETED_DEVICE_FAMILY = "1,2";
			};
			name = Debug;
		};
		AA7006252E5D4BA70043AD26 /* Release */ = {
			isa = XCBuildConfiguration;
			buildSettings = {
				ASSETCATALOG_COMPILER_APPICON_NAME = AppIcon;
				ASSETCATALOG_COMPILER_GLOBAL_ACCENT_COLOR_NAME = AccentColor;
				CODE_SIGN_STYLE = Automatic;
				CURRENT_PROJECT_VERSION = 1;
				DEVELOPMENT_ASSET_PATHS = "\"OwFlagVideCode/Preview Content\"";
				ENABLE_PREVIEWS = YES;
				GENERATE_INFOPLIST_FILE = YES;
				INFOPLIST_FILE = OwFlagVideCode/Info.plist;
				INFOPLIST_KEY_UIApplicationSceneManifest_Generation = YES;
				INFOPLIST_KEY_UIApplicationSupportsIndirectInputEvents = YES;
				INFOPLIST_KEY_UILaunchScreen_Generation = YES;
				INFOPLIST_KEY_UISupportedInterfaceOrientations_iPad = "UIInterfaceOrientationPortrait UIInterfaceOrientationPortraitUpsideDown UIInterfaceOrientationLandscapeLeft UIInterfaceOrientationLandscapeRight";
				INFOPLIST_KEY_UISupportedInterfaceOrientations_iPhone = "UIInterfaceOrientationPortrait UIInterfaceOrientationLandscapeLeft UIInterfaceOrientationLandscapeRight";
				LD_RUNPATH_SEARCH_PATHS = (
					"$(inherited)",
					"@executable_path/Frameworks",
				);
				MARKETING_VERSION = 1.0;
				PRODUCT_BUNDLE_IDENTIFIER = imainfun.OwFlagVideCode;
				PRODUCT_NAME = "$(TARGET_NAME)";
				SWIFT_EMIT_LOC_STRINGS = YES;
				SWIFT_VERSION = 5.0;
				TARGETED_DEVICE_FAMILY = "1,2";
			};
			name = Release;
		};
		AA7006272E5D4BA70043AD26 /* Debug */ = {
			isa = XCBuildConfiguration;
			buildSettings = {
				BUNDLE_LOADER = "$(TEST_HOST)";
				CODE_SIGN_STYLE = Automatic;
				CURRENT_PROJECT_VERSION = 1;
				GENERATE_INFOPLIST_FILE = YES;
				IPHONEOS_DEPLOYMENT_TARGET = 18.2;
				MARKETING_VERSION = 1.0;
				PRODUCT_BUNDLE_IDENTIFIER = imainfun.OwFlagVideCodeTests;
				PRODUCT_NAME = "$(TARGET_NAME)";
				SWIFT_EMIT_LOC_STRINGS = NO;
				SWIFT_VERSION = 5.0;
				TARGETED_DEVICE_FAMILY = "1,2";
				TEST_HOST = "$(BUILT_PRODUCTS_DIR)/OwFlagVideCode.app/$(BUNDLE_EXECUTABLE_FOLDER_PATH)/OwFlagVideCode";
			};
			name = Debug;
		};
		AA7006282E5D4BA70043AD26 /* Release */ = {
			isa = XCBuildConfiguration;
			buildSettings = {
				BUNDLE_LOADER = "$(TEST_HOST)";
				CODE_SIGN_STYLE = Automatic;
				CURRENT_PROJECT_VERSION = 1;
				GENERATE_INFOPLIST_FILE = YES;
				IPHONEOS_DEPLOYMENT_TARGET = 18.2;
				MARKETING_VERSION = 1.0;
				PRODUCT_BUNDLE_IDENTIFIER = imainfun.OwFlagVideCodeTests;
				PRODUCT_NAME = "$(TARGET_NAME)";
				SWIFT_EMIT_LOC_STRINGS = NO;
				SWIFT_VERSION = 5.0;
				TARGETED_DEVICE_FAMILY = "1,2";
				TEST_HOST = "$(BUILT_PRODUCTS_DIR)/OwFlagVideCode.app/$(BUNDLE_EXECUTABLE_FOLDER_PATH)/OwFlagVideCode";
			};
			name = Release;
		};
		AA70062A2E5D4BA70043AD26 /* Debug */ = {
			isa = XCBuildConfiguration;
			buildSettings = {
				CODE_SIGN_STYLE = Automatic;
				CURRENT_PROJECT_VERSION = 1;
				GENERATE_INFOPLIST_FILE = YES;
				MARKETING_VERSION = 1.0;
				PRODUCT_BUNDLE_IDENTIFIER = imainfun.OwFlagVideCodeUITests;
				PRODUCT_NAME = "$(TARGET_NAME)";
				SWIFT_EMIT_LOC_STRINGS = NO;
				SWIFT_VERSION = 5.0;
				TARGETED_DEVICE_FAMILY = "1,2";
				TEST_TARGET_NAME = OwFlagVideCode;
			};
			name = Debug;
		};
		AA70062B2E5D4BA70043AD26 /* Release */ = {
			isa = XCBuildConfiguration;
			buildSettings = {
				CODE_SIGN_STYLE = Automatic;
				CURRENT_PROJECT_VERSION = 1;
				GENERATE_INFOPLIST_FILE = YES;
				MARKETING_VERSION = 1.0;
				PRODUCT_BUNDLE_IDENTIFIER = imainfun.OwFlagVideCodeUITests;
				PRODUCT_NAME = "$(TARGET_NAME)";
				SWIFT_EMIT_LOC_STRINGS = NO;
				SWIFT_VERSION = 5.0;
				TARGETED_DEVICE_FAMILY = "1,2";
				TEST_TARGET_NAME = OwFlagVideCode;
			};
			name = Release;
		};
/* End XCBuildConfiguration section */

/* Begin XCConfigurationList section */
		AA7005F82E5D4BA60043AD26 /* Build configuration list for PBXProject "OwFlagVideCode" */ = {
			isa = XCConfigurationList;
			buildConfigurations = (
				AA7006212E5D4BA70043AD26 /* Debug */,
				AA7006222E5D4BA70043AD26 /* Release */,
			);
			defaultConfigurationIsVisible = 0;
			defaultConfigurationName = Release;
		};
		AA7006232E5D4BA70043AD26 /* Build configuration list for PBXNativeTarget "OwFlagVideCode" */ = {
			isa = XCConfigurationList;
			buildConfigurations = (
				AA7006242E5D4BA70043AD26 /* Debug */,
				AA7006252E5D4BA70043AD26 /* Release */,
			);
			defaultConfigurationIsVisible = 0;
			defaultConfigurationName = Release;
		};
		AA7006262E5D4BA70043AD26 /* Build configuration list for PBXNativeTarget "OwFlagVideCodeTests" */ = {
			isa = XCConfigurationList;
			buildConfigurations = (
				AA7006272E5D4BA70043AD26 /* Debug */,
				AA7006282E5D4BA70043AD26 /* Release */,
			);
			defaultConfigurationIsVisible = 0;
			defaultConfigurationName = Release;
		};
		AA7006292E5D4BA70043AD26 /* Build configuration list for PBXNativeTarget "OwFlagVideCodeUITests" */ = {
			isa = XCConfigurationList;
			buildConfigurations = (
				AA70062A2E5D4BA70043AD26 /* Debug */,
				AA70062B2E5D4BA70043AD26 /* Release */,
			);
			defaultConfigurationIsVisible = 0;
			defaultConfigurationName = Release;
		};
/* End XCConfigurationList section */

/* Begin XCRemoteSwiftPackageReference section */
		AA74D99D2E5D5F9700A95A4B /* XCRemoteSwiftPackageReference "mapbox-maps-ios" */ = {
			isa = XCRemoteSwiftPackageReference;
			repositoryURL = "https://github.com/mapbox/mapbox-maps-ios.git";
			requirement = {
				kind = upToNextMajorVersion;
				minimumVersion = 11.0.0;
			};
		};
		AA74D9A72E5E4ED600A95A4B /* XCRemoteSwiftPackageReference "supabase-swift" */ = {
			isa = XCRemoteSwiftPackageReference;
			repositoryURL = "https://github.com/supabase-community/supabase-swift.git";
			requirement = {
				kind = upToNextMajorVersion;
				minimumVersion = 2.5.1;
			};
		};
/* End XCRemoteSwiftPackageReference section */

/* Begin XCSwiftPackageProductDependency section */
		AA74D99F2E5D601600A95A4B /* MapboxMaps */ = {
			isa = XCSwiftPackageProductDependency;
			package = AA74D99D2E5D5F9700A95A4B /* XCRemoteSwiftPackageReference "mapbox-maps-ios" */;
			productName = MapboxMaps;
		};
		AA7F73752E6A49EF000AC6CB /* Supabase */ = {
			isa = XCSwiftPackageProductDependency;
			package = AA74D9A72E5E4ED600A95A4B /* XCRemoteSwiftPackageReference "supabase-swift" */;
			productName = Supabase;
		};
		AA7F739B2E6A906B000AC6CB /* Auth */ = {
			isa = XCSwiftPackageProductDependency;
			package = AA74D9A72E5E4ED600A95A4B /* XCRemoteSwiftPackageReference "supabase-swift" */;
			productName = Auth;
		};
/* End XCSwiftPackageProductDependency section */
	};
	rootObject = AA7005F52E5D4BA60043AD26 /* Project object */;
}
